
Microsoft Visual Studio Solution File, Format Version 12.00
# Visual Studio Version 17
VisualStudioVersion = 17.13.35931.197 d17.13
MinimumVisualStudioVersion = 10.0.40219.1
Project("{F184B08F-C81C-45F6-A57F-5ABD9991F28F}") = "PROGLLEC_COMPILER_DUARTE", "PROGLLEC_COMPILER_DUARTE\PROGLLEC_COMPILER_DUARTE.vbproj", "{E47C83D6-4253-46B2-B5CC-365ABAD00226}"
EndProject
Global
	GlobalSection(SolutionConfigurationPlatforms) = preSolution
		Debug|Any CPU = Debug|Any CPU
		Release|Any CPU = Release|Any CPU
	EndGlobalSection
	GlobalSection(ProjectConfigurationPlatforms) = postSolution
		{E47C83D6-4253-46B2-B5CC-365ABAD00226}.Debug|Any CPU.ActiveCfg = Debug|Any CPU
		{E47C83D6-4253-46B2-B5CC-365ABAD00226}.Debug|Any CPU.Build.0 = Debug|Any CPU
		{E47C83D6-4253-46B2-B5CC-365ABAD00226}.Release|Any CPU.ActiveCfg = Release|Any CPU
		{E47C83D6-4253-46B2-B5CC-365ABAD00226}.Release|Any CPU.Build.0 = Release|Any CPU
	EndGlobalSection
	GlobalSection(SolutionProperties) = preSolution
		HideSolutionNode = FALSE
	EndGlobalSection
	GlobalSection(ExtensibilityGlobals) = postSolution
		SolutionGuid = {0B8ECABA-EBD0-4E6D-9A54-5BDF338EA6A8}
	EndGlobalSection
EndGlobal
